
Microsoft Visual Studio Solution File, Format Version 12.00
# Visual Studio Version 17
VisualStudioVersion = 17.0.31919.166
MinimumVisualStudioVersion = 10.0.40219.1
Project("{FAE04EC0-301F-11D3-BF4B-00C04F79EFBC}") = "Valoraciones", "Valoraciones.csproj", "{DCF2550A-19B7-47E9-998C-E1AE8F8918A1}"
EndProject
Project("{FAE04EC0-301F-11D3-BF4B-00C04F79EFBC}") = "Valoraciones.Test", "..\Valoraciones.Test\Valoraciones.Test.csproj", "{C4A23F5F-8555-48BA-993A-8CDF9D1DB542}"
EndProject
Global
	GlobalSection(SolutionConfigurationPlatforms) = preSolution
		Debug|Any CPU = Debug|Any CPU
		Release|Any CPU = Release|Any CPU
	EndGlobalSection
	GlobalSection(ProjectConfigurationPlatforms) = postSolution
		{DCF2550A-19B7-47E9-998C-E1AE8F8918A1}.Debug|Any CPU.ActiveCfg = Debug|Any CPU
		{DCF2550A-19B7-47E9-998C-E1AE8F8918A1}.Debug|Any CPU.Build.0 = Debug|Any CPU
		{DCF2550A-19B7-47E9-998C-E1AE8F8918A1}.Release|Any CPU.ActiveCfg = Release|Any CPU
		{DCF2550A-19B7-47E9-998C-E1AE8F8918A1}.Release|Any CPU.Build.0 = Release|Any CPU
		{C4A23F5F-8555-48BA-993A-8CDF9D1DB542}.Debug|Any CPU.ActiveCfg = Debug|Any CPU
		{C4A23F5F-8555-48BA-993A-8CDF9D1DB542}.Debug|Any CPU.Build.0 = Debug|Any CPU
		{C4A23F5F-8555-48BA-993A-8CDF9D1DB542}.Release|Any CPU.ActiveCfg = Release|Any CPU
		{C4A23F5F-8555-48BA-993A-8CDF9D1DB542}.Release|Any CPU.Build.0 = Release|Any CPU
	EndGlobalSection
	GlobalSection(SolutionProperties) = preSolution
		HideSolutionNode = FALSE
	EndGlobalSection
	GlobalSection(ExtensibilityGlobals) = postSolution
		SolutionGuid = {E80232B4-A4C4-40FF-B5B5-E19567C6136D}
	EndGlobalSection
EndGlobal
