
Microsoft Visual Studio Solution File, Format Version 12.00
# Visual Studio Version 17
VisualStudioVersion = 17.0.31919.166
MinimumVisualStudioVersion = 10.0.40219.1
Project("{FAE04EC0-301F-11D3-BF4B-00C04F79EFBC}") = "Saludo", "Saludo.csproj", "{F08E4055-C3FB-481A-BC44-0CF6D2FA9262}"
EndProject
Global
	GlobalSection(SolutionConfigurationPlatforms) = preSolution
		Debug|Any CPU = Debug|Any CPU
		Release|Any CPU = Release|Any CPU
	EndGlobalSection
	GlobalSection(ProjectConfigurationPlatforms) = postSolution
		{F08E4055-C3FB-481A-BC44-0CF6D2FA9262}.Debug|Any CPU.ActiveCfg = Debug|Any CPU
		{F08E4055-C3FB-481A-BC44-0CF6D2FA9262}.Debug|Any CPU.Build.0 = Debug|Any CPU
		{F08E4055-C3FB-481A-BC44-0CF6D2FA9262}.Release|Any CPU.ActiveCfg = Release|Any CPU
		{F08E4055-C3FB-481A-BC44-0CF6D2FA9262}.Release|Any CPU.Build.0 = Release|Any CPU
	EndGlobalSection
	GlobalSection(SolutionProperties) = preSolution
		HideSolutionNode = FALSE
	EndGlobalSection
	GlobalSection(ExtensibilityGlobals) = postSolution
		SolutionGuid = {FA1B993C-C1CC-4F59-BFB3-F97E6C9456F5}
	EndGlobalSection
EndGlobal
